<?xml version="1.0" encoding="utf-8"?>
<Project ToolsVersion="4.0" xmlns="http://schemas.microsoft.com/developer/msbuild/2003">
  <ItemGroup>
    <Filter Include="Source Files">
      <UniqueIdentifier>{2a97cd02-6ca9-4173-b32b-3f198deab559}</UniqueIdentifier>
      <Extensions>cpp;c;cxx;rc;def;r;odl;idl;hpj;bat</Extensions>
    </Filter>
    <Filter Include="Header Files">
      <UniqueIdentifier>{9324494a-306c-46e4-83a6-8dbcf6e6b1c2}</UniqueIdentifier>
      <Extensions>h;hpp;hxx;hm;inl</Extensions>
    </Filter>
    <Filter Include="Resource Files">
      <UniqueIdentifier>{208e0bb0-30cd-4f0d-8805-4abeec42ce06}</UniqueIdentifier>
      <Extensions>ico;cur;bmp;dlg;rc2;rct;bin;rgs;gif;jpg;jpeg;jpe</Extensions>
    </Filter>
    <Filter Include="Help Files">
      <UniqueIdentifier>{93a471ff-ca8a-49ca-aaa5-477b175ade3a}</UniqueIdentifier>
      <Extensions>cnt;rtf</Extensions>
    </Filter>
    <Filter Include="Help Files\Topics">
      <UniqueIdentifier>{10cf94f9-cb80-4287-a66c-a5db6841ee40}</UniqueIdentifier>
    </Filter>
    <Filter Include="Help Files\Graphics">
      <UniqueIdentifier>{5bcc3304-4464-4a43-b080-a11a17fd0470}</UniqueIdentifier>
    </Filter>
    <Filter Include="FilterMath">
      <UniqueIdentifier>{2da38ec8-7465-4b5b-b8e3-d2d5b34c240e}</UniqueIdentifier>
    </Filter>
    <Filter Include="Matrix math">
      <UniqueIdentifier>{962a36b5-7bf0-49f6-93ce-683c9c1f5b29}</UniqueIdentifier>
    </Filter>
  </ItemGroup>
  <ItemGroup>
    <ClCompile Include="AmplitudeRuler.cpp">
      <Filter>Source Files</Filter>
    </ClCompile>
    <ClCompile Include="ApplicationParameters.cpp">
      <Filter>Source Files</Filter>
    </ClCompile>
    <ClCompile Include="ApplicationProfile.cpp">
      <Filter>Source Files</Filter>
    </ClCompile>
    <ClCompile Include="BatchConvertDlg.cpp">
      <Filter>Source Files</Filter>
    </ClCompile>
    <ClCompile Include="BatchSaveTargetDlg.cpp">
      <Filter>Source Files</Filter>
    </ClCompile>
    <ClCompile Include="BladeMp3Encoder.cpp">
      <Filter>Source Files</Filter>
    </ClCompile>
    <ClCompile Include="CdDrive.cpp">
      <Filter>Source Files</Filter>
    </ClCompile>
    <ClCompile Include="ChildDialog.cpp">
      <Filter>Source Files</Filter>
    </ClCompile>
    <ClCompile Include="ChildFrm.cpp">
      <Filter>Source Files</Filter>
    </ClCompile>
    <ClCompile Include="CustomSampleRateDlg.cpp">
      <Filter>Source Files</Filter>
    </ClCompile>
    <ClCompile Include="DirectFile.cpp">
      <Filter>Source Files</Filter>
    </ClCompile>
    <ClCompile Include="EditFadeInOut.cpp">
      <Filter>Source Files</Filter>
    </ClCompile>
    <ClCompile Include="EqualizerDialog.cpp">
      <Filter>Source Files</Filter>
    </ClCompile>
    <ClCompile Include="FadeInOutDialog.cpp">
      <Filter>Source Files</Filter>
    </ClCompile>
    <ClCompile Include="FftRulerView.cpp">
      <Filter>Source Files</Filter>
    </ClCompile>
    <ClCompile Include="FileDialogWithHistory.cpp">
      <Filter>Source Files</Filter>
    </ClCompile>
    <ClCompile Include="FilterDialog.cpp">
      <Filter>Source Files</Filter>
    </ClCompile>
    <ClCompile Include="FolderDialog.cpp">
      <Filter>Source Files</Filter>
    </ClCompile>
    <ClCompile Include="LocaleUtilities.cpp">
      <Filter>Source Files</Filter>
    </ClCompile>
    <ClCompile Include="MainFrm.cpp">
      <Filter>Source Files</Filter>
    </ClCompile>
    <ClCompile Include="MessageBoxSynch.cpp">
      <Filter>Source Files</Filter>
    </ClCompile>
    <ClCompile Include="NewFilePropertiesDlg.cpp">
      <Filter>Source Files</Filter>
    </ClCompile>
    <ClCompile Include="NumEdit.cpp">
      <Filter>Source Files</Filter>
    </ClCompile>
    <ClCompile Include="OperationContext.cpp">
      <Filter>Source Files</Filter>
    </ClCompile>
    <ClCompile Include="OperationContext2.cpp">
      <Filter>Source Files</Filter>
    </ClCompile>
    <ClCompile Include="OperationDialogs.cpp">
      <Filter>Source Files</Filter>
    </ClCompile>
    <ClCompile Include="OperationDialogs2.cpp">
      <Filter>Source Files</Filter>
    </ClCompile>
    <ClCompile Include="PasteResampleModeDlg.cpp">
      <Filter>Source Files</Filter>
    </ClCompile>
    <ClCompile Include="PreferencesPropertySheet.cpp">
      <Filter>Source Files</Filter>
    </ClCompile>
    <ClCompile Include="RawFileParametersDlg.cpp">
      <Filter>Source Files</Filter>
    </ClCompile>
    <ClCompile Include="ReopenCompressedFileDialog.cpp">
      <Filter>Source Files</Filter>
    </ClCompile>
    <ClCompile Include="ReopenConvertedFileDlg.cpp">
      <Filter>Source Files</Filter>
    </ClCompile>
    <ClCompile Include="ReopenSavedFileCopyDlg.cpp">
      <Filter>Source Files</Filter>
    </ClCompile>
    <ClCompile Include="Resample.cpp">
      <Filter>Source Files</Filter>
    </ClCompile>
    <ClCompile Include="Ruler.cpp">
      <Filter>Source Files</Filter>
    </ClCompile>
    <ClCompile Include="SaveExpressionDialog.cpp">
      <Filter>Source Files</Filter>
    </ClCompile>
    <ClCompile Include="shellink.cpp">
      <Filter>Source Files</Filter>
    </ClCompile>
    <ClCompile Include="SpectrumSectionView.cpp">
      <Filter>Source Files</Filter>
    </ClCompile>
    <ClCompile Include="SplitToFilesDialog.cpp">
      <Filter>Source Files</Filter>
    </ClCompile>
    <ClCompile Include="StdAfx.cpp">
      <Filter>Source Files</Filter>
    </ClCompile>
    <ClCompile Include="TimeEdit.cpp">
      <Filter>Source Files</Filter>
    </ClCompile>
    <ClCompile Include="TimeRulerView.cpp">
      <Filter>Source Files</Filter>
    </ClCompile>
    <ClCompile Include="TimeToStr.cpp">
      <Filter>Source Files</Filter>
    </ClCompile>
    <ClCompile Include="UndoRedoOptionsDlg.cpp">
      <Filter>Source Files</Filter>
    </ClCompile>
    <ClCompile Include="WaveFftView.cpp">
      <Filter>Source Files</Filter>
    </ClCompile>
    <ClCompile Include="WaveFile.cpp">
      <Filter>Source Files</Filter>
    </ClCompile>
    <ClCompile Include="WaveOutlineView.cpp">
      <Filter>Source Files</Filter>
    </ClCompile>
    <ClCompile Include="waveproc.cpp">
      <Filter>Source Files</Filter>
    </ClCompile>
    <ClCompile Include="WaveSoapFileDialogs.cpp">
      <Filter>Source Files</Filter>
    </ClCompile>
    <ClCompile Include="WaveSoapFront.cpp">
      <Filter>Source Files</Filter>
    </ClCompile>
    <ClCompile Include="WaveSoapFrontDoc.cpp">
      <Filter>Source Files</Filter>
    </ClCompile>
    <ClCompile Include="WaveSoapFrontView.cpp">
      <Filter>Source Files</Filter>
    </ClCompile>
    <ClCompile Include="WaveSupport.cpp">
      <Filter>Source Files</Filter>
    </ClCompile>
    <ClCompile Include="WmaFile.cpp">
      <Filter>Source Files</Filter>
    </ClCompile>
    <ClCompile Include="FilterMath.cpp">
      <Filter>FilterMath</Filter>
    </ClCompile>
    <ClCompile Include="PolyMath.cpp">
      <Filter>FilterMath</Filter>
    </ClCompile>
    <ClCompile Include="PolyRatio.cpp">
      <Filter>FilterMath</Filter>
    </ClCompile>
    <ClCompile Include="Matrix.cpp">
      <Filter>Matrix math</Filter>
    </ClCompile>
  </ItemGroup>
  <ItemGroup>
    <None Include="DialogWithSelection.inl">
      <Filter>Header Files</Filter>
    </None>
    <None Include="FFT.inl">
      <Filter>Header Files</Filter>
    </None>
    <None Include="res\bitmap_load.bmp">
      <Filter>Resource Files</Filter>
    </None>
    <None Include="res\bmp00001.bmp">
      <Filter>Resource Files</Filter>
    </None>
    <None Include="res\bmp00002.bmp">
      <Filter>Resource Files</Filter>
    </None>
    <None Include="res\bmp_eject.bmp">
      <Filter>Resource Files</Filter>
    </None>
    <None Include="res\bmp_play.bmp">
      <Filter>Resource Files</Filter>
    </None>
    <None Include="res\bmp_stop.bmp">
      <Filter>Resource Files</Filter>
    </None>
    <None Include="res\cur00001.cur">
      <Filter>Resource Files</Filter>
    </None>
    <None Include="res\cur00002.cur">
      <Filter>Resource Files</Filter>
    </None>
    <None Include="res\cursor_b.cur">
      <Filter>Resource Files</Filter>
    </None>
    <None Include="res\icon1.ico">
      <Filter>Resource Files</Filter>
    </None>
    <None Include="res\icon_cd.ico">
      <Filter>Resource Files</Filter>
    </None>
    <None Include="res\icon_equalizer.ico">
      <Filter>Resource Files</Filter>
    </None>
    <None Include="res\icon_filter_dialog.ico">
      <Filter>Resource Files</Filter>
    </None>
    <None Include="res\icon_split_to_files.ico">
      <Filter>Resource Files</Filter>
    </None>
    <None Include="res\id_bitma.bmp">
      <Filter>Resource Files</Filter>
    </None>
    <None Include="res\idc_zoom.bmp">
      <Filter>Resource Files</Filter>
    </None>
    <None Include="res\Toolbar.bmp">
      <Filter>Resource Files</Filter>
    </None>
    <None Include="res\toolbar1.bmp">
      <Filter>Resource Files</Filter>
    </None>
    <None Include="res\WaveSoap.ico">
      <Filter>Resource Files</Filter>
    </None>
    <None Include="res\WaveSoapFront.ico">
      <Filter>Resource Files</Filter>
    </None>
    <None Include="res\WaveSoapFront.rc2">
      <Filter>Resource Files</Filter>
    </None>
    <None Include="res\WaveSoapFrontDoc.ico">
      <Filter>Resource Files</Filter>
    </None>
    <None Include="hlp\wavesoap.hhc">
      <Filter>Help Files</Filter>
    </None>
    <None Include="hlp\WaveSoapFront.hhk">
      <Filter>Help Files</Filter>
    </None>
    <None Include="aspi_w32.txt" />
    <None Include="Project Classes.doc" />
    <None Include="ReadMe.txt" />
    <None Include="Test Plan.doc" />
  </ItemGroup>
  <ItemGroup>
    <ResourceCompile Include="WaveSoapFront.rc">
      <Filter>Source Files</Filter>
    </ResourceCompile>
  </ItemGroup>
  <ItemGroup>
    <ClInclude Include="AmplitudeRuler.h">
      <Filter>Header Files</Filter>
    </ClInclude>
    <ClInclude Include="ApplicationParameters.h">
      <Filter>Header Files</Filter>
    </ClInclude>
    <ClInclude Include="ApplicationProfile.h">
      <Filter>Header Files</Filter>
    </ClInclude>
    <ClInclude Include="BatchConvertDlg.h">
      <Filter>Header Files</Filter>
    </ClInclude>
    <ClInclude Include="BatchSaveTargetDlg.h">
      <Filter>Header Files</Filter>
    </ClInclude>
    <ClInclude Include="BladeMP3EncDLL.h">
      <Filter>Header Files</Filter>
    </ClInclude>
    <ClInclude Include="CdDrive.h">
      <Filter>Header Files</Filter>
    </ClInclude>
    <ClInclude Include="ChildDialog.h">
      <Filter>Header Files</Filter>
    </ClInclude>
    <ClInclude Include="ChildFrm.h">
      <Filter>Header Files</Filter>
    </ClInclude>
    <ClInclude Include="CoInitHelper.h">
      <Filter>Header Files</Filter>
    </ClInclude>
    <ClInclude Include="CustomSampleRateDlg.h">
      <Filter>Header Files</Filter>
    </ClInclude>
    <ClInclude Include="DataSection.h">
      <Filter>Header Files</Filter>
    </ClInclude>
    <ClInclude Include="DialogWithSelection.h">
      <Filter>Header Files</Filter>
    </ClInclude>
    <ClInclude Include="DirectFile.h">
      <Filter>Header Files</Filter>
    </ClInclude>
    <ClInclude Include="EditFadeInOut.h">
      <Filter>Header Files</Filter>
    </ClInclude>
    <ClInclude Include="ElapsedTime.h">
      <Filter>Header Files</Filter>
    </ClInclude>
    <ClInclude Include="EqualizerDialog.h">
      <Filter>Header Files</Filter>
    </ClInclude>
    <ClInclude Include="FadeInOutDialog.h">
      <Filter>Header Files</Filter>
    </ClInclude>
    <ClInclude Include="fft.h">
      <Filter>Header Files</Filter>
    </ClInclude>
    <ClInclude Include="FftRulerView.h">
      <Filter>Header Files</Filter>
    </ClInclude>
    <ClInclude Include="FileDialogWithHistory.h">
      <Filter>Header Files</Filter>
    </ClInclude>
    <ClInclude Include="FilterDialog.h">
      <Filter>Header Files</Filter>
    </ClInclude>
    <ClInclude Include="FolderDialog.h">
      <Filter>Header Files</Filter>
    </ClInclude>
    <ClInclude Include="GdiObjectSave.h">
      <Filter>Header Files</Filter>
    </ClInclude>
    <ClInclude Include="KInterlocked.h">
      <Filter>Header Files</Filter>
    </ClInclude>
    <ClInclude Include="KListEntry.h">
      <Filter>Header Files</Filter>
    </ClInclude>
    <ClInclude Include="LastError.h">
      <Filter>Header Files</Filter>
    </ClInclude>
    <ClInclude Include="LocaleUtilities.h">
      <Filter>Header Files</Filter>
    </ClInclude>
    <ClInclude Include="MainFrameEx.h">
      <Filter>Header Files</Filter>
    </ClInclude>
    <ClInclude Include="MainFrm.h">
      <Filter>Header Files</Filter>
    </ClInclude>
    <ClInclude Include="MessageBoxSynch.h">
      <Filter>Header Files</Filter>
    </ClInclude>
    <ClInclude Include="NewFilePropertiesDlg.h">
      <Filter>Header Files</Filter>
    </ClInclude>
    <ClInclude Include="NumEdit.h">
      <Filter>Header Files</Filter>
    </ClInclude>
    <ClInclude Include="OperationContext.h">
      <Filter>Header Files</Filter>
    </ClInclude>
    <ClInclude Include="OperationContext2.h">
      <Filter>Header Files</Filter>
    </ClInclude>
    <ClInclude Include="OperationDialogs.h">
      <Filter>Header Files</Filter>
    </ClInclude>
    <ClInclude Include="OperationDialogs2.h">
      <Filter>Header Files</Filter>
    </ClInclude>
    <ClInclude Include="PasteResampleModeDlg.h">
      <Filter>Header Files</Filter>
    </ClInclude>
    <ClInclude Include="PathEx.h">
      <Filter>Header Files</Filter>
    </ClInclude>
    <ClInclude Include="PreferencesPropertySheet.h">
      <Filter>Header Files</Filter>
    </ClInclude>
    <ClInclude Include="RawFileParametersDlg.h">
      <Filter>Header Files</Filter>
    </ClInclude>
    <ClInclude Include="ReopenCompressedFileDialog.h">
      <Filter>Header Files</Filter>
    </ClInclude>
    <ClInclude Include="ReopenConvertedFileDlg.h">
      <Filter>Header Files</Filter>
    </ClInclude>
    <ClInclude Include="ReopenSavedFileCopyDlg.h">
      <Filter>Header Files</Filter>
    </ClInclude>
    <ClInclude Include="Resample.h">
      <Filter>Header Files</Filter>
    </ClInclude>
    <ClInclude Include="ResizableDialog.h">
      <Filter>Header Files</Filter>
    </ClInclude>
    <ClInclude Include="Ruler.h">
      <Filter>Header Files</Filter>
    </ClInclude>
    <ClInclude Include="SaveExpressionDialog.h">
      <Filter>Header Files</Filter>
    </ClInclude>
    <ClInclude Include="shellink.h">
      <Filter>Header Files</Filter>
    </ClInclude>
    <ClInclude Include="SimpleCriticalSection.h">
      <Filter>Header Files</Filter>
    </ClInclude>
    <ClInclude Include="SpectrumSectionView.h">
      <Filter>Header Files</Filter>
    </ClInclude>
    <ClInclude Include="SplitToFilesDialog.h">
      <Filter>Header Files</Filter>
    </ClInclude>
    <ClInclude Include="StdAfx.h">
      <Filter>Header Files</Filter>
    </ClInclude>
    <ClInclude Include="TimeEdit.h">
      <Filter>Header Files</Filter>
    </ClInclude>
    <ClInclude Include="TimeRulerView.h">
      <Filter>Header Files</Filter>
    </ClInclude>
    <ClInclude Include="TimeToStr.h">
      <Filter>Header Files</Filter>
    </ClInclude>
    <ClInclude Include="UiUpdatedDlg.h">
      <Filter>Header Files</Filter>
    </ClInclude>
    <ClInclude Include="UndoRedoOptionsDlg.h">
      <Filter>Header Files</Filter>
    </ClInclude>
    <ClInclude Include="WaveFftView.h">
      <Filter>Header Files</Filter>
    </ClInclude>
    <ClInclude Include="WaveFile.h">
      <Filter>Header Files</Filter>
    </ClInclude>
    <ClInclude Include="WaveOutlineView.h">
      <Filter>Header Files</Filter>
    </ClInclude>
    <ClInclude Include="waveproc.h">
      <Filter>Header Files</Filter>
    </ClInclude>
    <ClInclude Include="WaveSoapFileDialogs.h">
      <Filter>Header Files</Filter>
    </ClInclude>
    <ClInclude Include="WaveSoapFront.h">
      <Filter>Header Files</Filter>
    </ClInclude>
    <ClInclude Include="WaveSoapFrontDoc.h">
      <Filter>Header Files</Filter>
    </ClInclude>
    <ClInclude Include="WaveSoapFrontView.h">
      <Filter>Header Files</Filter>
    </ClInclude>
    <ClInclude Include="WaveSupport.h">
      <Filter>Header Files</Filter>
    </ClInclude>
    <ClInclude Include="WmaFile.h">
      <Filter>Header Files</Filter>
    </ClInclude>
    <ClInclude Include="wnaspi32.h">
      <Filter>Header Files</Filter>
    </ClInclude>
    <ClInclude Include="FilterMath.h">
      <Filter>FilterMath</Filter>
    </ClInclude>
    <ClInclude Include="PolyMath.h">
      <Filter>FilterMath</Filter>
    </ClInclude>
    <ClInclude Include="PolyRatio.h">
      <Filter>FilterMath</Filter>
    </ClInclude>
    <ClInclude Include="Matrix.h">
      <Filter>Matrix math</Filter>
    </ClInclude>
  </ItemGroup>
  <ItemGroup>
    <CustomBuild Include="hlp\WaveSoap.hhp">
      <Filter>Source Files</Filter>
    </CustomBuild>
    <CustomBuild Include="Resource.h">
      <Filter>Header Files</Filter>
    </CustomBuild>
  </ItemGroup>
</Project>